
Microsoft Visual Studio Solution File, Format Version 12.00
# Visual Studio Version 16
VisualStudioVersion = 16.0.31702.278
MinimumVisualStudioVersion = 10.0.40219.1
Project("{8BC9CEB8-8B4A-11D0-8D11-00A0C91BC942}") = "Lab-5.1", "Lab-5.1\Lab-5.1.vcxproj", "{CB6A749F-73F3-4522-9D4F-22D6DD459980}"
EndProject
Global
	GlobalSection(SolutionConfigurationPlatforms) = preSolution
		Debug|x64 = Debug|x64
		Debug|x86 = Debug|x86
		Release|x64 = Release|x64
		Release|x86 = Release|x86
	EndGlobalSection
	GlobalSection(ProjectConfigurationPlatforms) = postSolution
		{CB6A749F-73F3-4522-9D4F-22D6DD459980}.Debug|x64.ActiveCfg = Debug|x64
		{CB6A749F-73F3-4522-9D4F-22D6DD459980}.Debug|x64.Build.0 = Debug|x64
		{CB6A749F-73F3-4522-9D4F-22D6DD459980}.Debug|x86.ActiveCfg = Debug|Win32
		{CB6A749F-73F3-4522-9D4F-22D6DD459980}.Debug|x86.Build.0 = Debug|Win32
		{CB6A749F-73F3-4522-9D4F-22D6DD459980}.Release|x64.ActiveCfg = Release|x64
		{CB6A749F-73F3-4522-9D4F-22D6DD459980}.Release|x64.Build.0 = Release|x64
		{CB6A749F-73F3-4522-9D4F-22D6DD459980}.Release|x86.ActiveCfg = Release|Win32
		{CB6A749F-73F3-4522-9D4F-22D6DD459980}.Release|x86.Build.0 = Release|Win32
	EndGlobalSection
	GlobalSection(SolutionProperties) = preSolution
		HideSolutionNode = FALSE
	EndGlobalSection
	GlobalSection(ExtensibilityGlobals) = postSolution
		SolutionGuid = {3283368D-94A7-4DC4-AEB5-14C0560F052B}
	EndGlobalSection
EndGlobal
